
Microsoft Visual Studio Solution File, Format Version 12.00
# Visual Studio Version 17
VisualStudioVersion = 17.14.36109.1 d17.14
MinimumVisualStudioVersion = 10.0.40219.1
Project("{FAE04EC0-301F-11D3-BF4B-00C04F79EFBC}") = "IPCheckerApp", "IPCheckerApp\IPCheckerApp.csproj", "{60675DEA-B073-417A-8E84-CDCCBB2EF8AD}"
EndProject
Global
	GlobalSection(SolutionConfigurationPlatforms) = preSolution
		Debug|Any CPU = Debug|Any CPU
		Release|Any CPU = Release|Any CPU
	EndGlobalSection
	GlobalSection(ProjectConfigurationPlatforms) = postSolution
		{60675DEA-B073-417A-8E84-CDCCBB2EF8AD}.Debug|Any CPU.ActiveCfg = Debug|Any CPU
		{60675DEA-B073-417A-8E84-CDCCBB2EF8AD}.Debug|Any CPU.Build.0 = Debug|Any CPU
		{60675DEA-B073-417A-8E84-CDCCBB2EF8AD}.Release|Any CPU.ActiveCfg = Release|Any CPU
		{60675DEA-B073-417A-8E84-CDCCBB2EF8AD}.Release|Any CPU.Build.0 = Release|Any CPU
	EndGlobalSection
	GlobalSection(SolutionProperties) = preSolution
		HideSolutionNode = FALSE
	EndGlobalSection
	GlobalSection(ExtensibilityGlobals) = postSolution
		SolutionGuid = {41878B73-759E-45C9-A525-6F3634A9D81E}
	EndGlobalSection
EndGlobal
